
Microsoft Visual Studio Solution File, Format Version 12.00
# Visual Studio 15
VisualStudioVersion = 15.0.26430.16
MinimumVisualStudioVersion = 10.0.40219.1
Project("{8BC9CEB8-8B4A-11D0-8D11-00A0C91BC942}") = "Loader", "Loader\Loader.vcxproj", "{177D825B-BC7F-439B-B1D4-BD21A3E8F2DB}"
EndProject
Project("{2150E333-8FDC-42A3-9474-1A3956D46DE8}") = "NetInject", "NetInject", "{9B67F33F-6EBF-4404-B4B6-CC3A4AE27E4F}"
EndProject
Project("{FAE04EC0-301F-11D3-BF4B-00C04F79EFBC}") = "BotLauncher", "BotLauncher\BotLauncher.csproj", "{3B46DCAD-DE4D-44F2-A17B-5C16EE463ECE}"
EndProject
Project("{FAE04EC0-301F-11D3-BF4B-00C04F79EFBC}") = "ZzukBot_WPF", "ZzukBot_WPF\ZzukBot_WPF.csproj", "{688F43E5-4881-47C9-A16D-2827AF38E2EB}"
	ProjectSection(ProjectDependencies) = postProject
		{7111CE8C-C7DF-423A-BA10-C25EEB302D55} = {7111CE8C-C7DF-423A-BA10-C25EEB302D55}
		{DB2443BF-7C7E-4E62-BF95-304280073190} = {DB2443BF-7C7E-4E62-BF95-304280073190}
	EndProjectSection
EndProject
Project("{2150E333-8FDC-42A3-9474-1A3956D46DE8}") = "Pathfinding", "Pathfinding", "{B418FF45-80F6-458D-B980-996F6033AC19}"
EndProject
Project("{8BC9CEB8-8B4A-11D0-8D11-00A0C91BC942}") = "detour", "Pathfinding\VC120\detour.vcxproj", "{3FECACB6-BD35-4857-BF55-A56B5E6C6D77}"
EndProject
Project("{8BC9CEB8-8B4A-11D0-8D11-00A0C91BC942}") = "recast", "Pathfinding\VC120\recast.vcxproj", "{467226FB-7838-43FF-8ECA-199FAEA760D6}"
EndProject
Project("{8BC9CEB8-8B4A-11D0-8D11-00A0C91BC942}") = "Navigation", "Pathfinding\VC120\Navigation.vcxproj", "{8E623BB1-1B7B-4F8E-A051-72F53A9AB620}"
EndProject
Project("{8BC9CEB8-8B4A-11D0-8D11-00A0C91BC942}") = "FastCallDll", "FastCallDll\FastCallDll.vcxproj", "{DB2443BF-7C7E-4E62-BF95-304280073190}"
EndProject
Project("{2150E333-8FDC-42A3-9474-1A3956D46DE8}") = "Protection", "Protection", "{6E2CAADE-1109-4671-A341-A51ACF639F22}"
EndProject
Project("{8BC9CEB8-8B4A-11D0-8D11-00A0C91BC942}") = "AntiQuery", "Protection\Protection.vcxproj", "{7111CE8C-C7DF-423A-BA10-C25EEB302D55}"
	ProjectSection(ProjectDependencies) = postProject
		{A2C53563-46F5-4D87-903F-3F1F2FDB2DEB} = {A2C53563-46F5-4D87-903F-3F1F2FDB2DEB}
	EndProjectSection
EndProject
Project("{8BC9CEB8-8B4A-11D0-8D11-00A0C91BC942}") = "BlackBone", "Protection\BlackBone\src\BlackBone\BlackBone.vcxproj", "{A2C53563-46F5-4D87-903F-3F1F2FDB2DEB}"
EndProject
Global
	GlobalSection(SolutionConfigurationPlatforms) = preSolution
		Debug(DLL)|Any CPU = Debug(DLL)|Any CPU
		Debug(DLL)|Mixed Platforms = Debug(DLL)|Mixed Platforms
		Debug(DLL)|Win32 = Debug(DLL)|Win32
		Debug(DLL)|x64 = Debug(DLL)|x64
		Debug(DLL)|x86 = Debug(DLL)|x86
		Debug(XP)|Any CPU = Debug(XP)|Any CPU
		Debug(XP)|Mixed Platforms = Debug(XP)|Mixed Platforms
		Debug(XP)|Win32 = Debug(XP)|Win32
		Debug(XP)|x64 = Debug(XP)|x64
		Debug(XP)|x86 = Debug(XP)|x86
		Debug|Any CPU = Debug|Any CPU
		Debug|Mixed Platforms = Debug|Mixed Platforms
		Debug|Win32 = Debug|Win32
		Debug|x64 = Debug|x64
		Debug|x86 = Debug|x86
		Release(DLL)|Any CPU = Release(DLL)|Any CPU
		Release(DLL)|Mixed Platforms = Release(DLL)|Mixed Platforms
		Release(DLL)|Win32 = Release(DLL)|Win32
		Release(DLL)|x64 = Release(DLL)|x64
		Release(DLL)|x86 = Release(DLL)|x86
		Release(XP)|Any CPU = Release(XP)|Any CPU
		Release(XP)|Mixed Platforms = Release(XP)|Mixed Platforms
		Release(XP)|Win32 = Release(XP)|Win32
		Release(XP)|x64 = Release(XP)|x64
		Release(XP)|x86 = Release(XP)|x86
		Release|Any CPU = Release|Any CPU
		Release|Mixed Platforms = Release|Mixed Platforms
		Release|Win32 = Release|Win32
		Release|x64 = Release|x64
		Release|x86 = Release|x86
	EndGlobalSection
	GlobalSection(ProjectConfigurationPlatforms) = postSolution
		{177D825B-BC7F-439B-B1D4-BD21A3E8F2DB}.Debug(DLL)|Any CPU.ActiveCfg = Release|Win32
		{177D825B-BC7F-439B-B1D4-BD21A3E8F2DB}.Debug(DLL)|Any CPU.Build.0 = Release|Win32
		{177D825B-BC7F-439B-B1D4-BD21A3E8F2DB}.Debug(DLL)|Mixed Platforms.ActiveCfg = Debug|Win32
		{177D825B-BC7F-439B-B1D4-BD21A3E8F2DB}.Debug(DLL)|Mixed Platforms.Build.0 = Debug|Win32
		{177D825B-BC7F-439B-B1D4-BD21A3E8F2DB}.Debug(DLL)|Win32.ActiveCfg = Debug|Win32
		{177D825B-BC7F-439B-B1D4-BD21A3E8F2DB}.Debug(DLL)|Win32.Build.0 = Debug|Win32
		{177D825B-BC7F-439B-B1D4-BD21A3E8F2DB}.Debug(DLL)|x64.ActiveCfg = Release|Win32
		{177D825B-BC7F-439B-B1D4-BD21A3E8F2DB}.Debug(DLL)|x64.Build.0 = Release|Win32
		{177D825B-BC7F-439B-B1D4-BD21A3E8F2DB}.Debug(DLL)|x86.ActiveCfg = Debug|Win32
		{177D825B-BC7F-439B-B1D4-BD21A3E8F2DB}.Debug(DLL)|x86.Build.0 = Debug|Win32
		{177D825B-BC7F-439B-B1D4-BD21A3E8F2DB}.Debug(XP)|Any CPU.ActiveCfg = Release|Win32
		{177D825B-BC7F-439B-B1D4-BD21A3E8F2DB}.Debug(XP)|Any CPU.Build.0 = Release|Win32
		{177D825B-BC7F-439B-B1D4-BD21A3E8F2DB}.Debug(XP)|Mixed Platforms.ActiveCfg = Debug|Win32
		{177D825B-BC7F-439B-B1D4-BD21A3E8F2DB}.Debug(XP)|Mixed Platforms.Build.0 = Debug|Win32
		{177D825B-BC7F-439B-B1D4-BD21A3E8F2DB}.Debug(XP)|Win32.ActiveCfg = Debug|Win32
		{177D825B-BC7F-439B-B1D4-BD21A3E8F2DB}.Debug(XP)|Win32.Build.0 = Debug|Win32
		{177D825B-BC7F-439B-B1D4-BD21A3E8F2DB}.Debug(XP)|x64.ActiveCfg = Release|Win32
		{177D825B-BC7F-439B-B1D4-BD21A3E8F2DB}.Debug(XP)|x64.Build.0 = Release|Win32
		{177D825B-BC7F-439B-B1D4-BD21A3E8F2DB}.Debug(XP)|x86.ActiveCfg = Debug|Win32
		{177D825B-BC7F-439B-B1D4-BD21A3E8F2DB}.Debug(XP)|x86.Build.0 = Debug|Win32
		{177D825B-BC7F-439B-B1D4-BD21A3E8F2DB}.Debug|Any CPU.ActiveCfg = Debug|Win32
		{177D825B-BC7F-439B-B1D4-BD21A3E8F2DB}.Debug|Any CPU.Build.0 = Debug|Win32
		{177D825B-BC7F-439B-B1D4-BD21A3E8F2DB}.Debug|Mixed Platforms.ActiveCfg = Debug|Win32
		{177D825B-BC7F-439B-B1D4-BD21A3E8F2DB}.Debug|Mixed Platforms.Build.0 = Debug|Win32
		{177D825B-BC7F-439B-B1D4-BD21A3E8F2DB}.Debug|Win32.ActiveCfg = Debug|Win32
		{177D825B-BC7F-439B-B1D4-BD21A3E8F2DB}.Debug|Win32.Build.0 = Debug|Win32
		{177D825B-BC7F-439B-B1D4-BD21A3E8F2DB}.Debug|x64.ActiveCfg = Debug|Win32
		{177D825B-BC7F-439B-B1D4-BD21A3E8F2DB}.Debug|x86.ActiveCfg = Debug|Win32
		{177D825B-BC7F-439B-B1D4-BD21A3E8F2DB}.Debug|x86.Build.0 = Debug|Win32
		{177D825B-BC7F-439B-B1D4-BD21A3E8F2DB}.Release(DLL)|Any CPU.ActiveCfg = Release|Win32
		{177D825B-BC7F-439B-B1D4-BD21A3E8F2DB}.Release(DLL)|Any CPU.Build.0 = Release|Win32
		{177D825B-BC7F-439B-B1D4-BD21A3E8F2DB}.Release(DLL)|Mixed Platforms.ActiveCfg = Release|Win32
		{177D825B-BC7F-439B-B1D4-BD21A3E8F2DB}.Release(DLL)|Mixed Platforms.Build.0 = Release|Win32
		{177D825B-BC7F-439B-B1D4-BD21A3E8F2DB}.Release(DLL)|Win32.ActiveCfg = Release|Win32
		{177D825B-BC7F-439B-B1D4-BD21A3E8F2DB}.Release(DLL)|Win32.Build.0 = Release|Win32
		{177D825B-BC7F-439B-B1D4-BD21A3E8F2DB}.Release(DLL)|x64.ActiveCfg = Release|Win32
		{177D825B-BC7F-439B-B1D4-BD21A3E8F2DB}.Release(DLL)|x64.Build.0 = Release|Win32
		{177D825B-BC7F-439B-B1D4-BD21A3E8F2DB}.Release(DLL)|x86.ActiveCfg = Release|Win32
		{177D825B-BC7F-439B-B1D4-BD21A3E8F2DB}.Release(DLL)|x86.Build.0 = Release|Win32
		{177D825B-BC7F-439B-B1D4-BD21A3E8F2DB}.Release(XP)|Any CPU.ActiveCfg = Release|Win32
		{177D825B-BC7F-439B-B1D4-BD21A3E8F2DB}.Release(XP)|Any CPU.Build.0 = Release|Win32
		{177D825B-BC7F-439B-B1D4-BD21A3E8F2DB}.Release(XP)|Mixed Platforms.ActiveCfg = Release|Win32
		{177D825B-BC7F-439B-B1D4-BD21A3E8F2DB}.Release(XP)|Mixed Platforms.Build.0 = Release|Win32
		{177D825B-BC7F-439B-B1D4-BD21A3E8F2DB}.Release(XP)|Win32.ActiveCfg = Release|Win32
		{177D825B-BC7F-439B-B1D4-BD21A3E8F2DB}.Release(XP)|Win32.Build.0 = Release|Win32
		{177D825B-BC7F-439B-B1D4-BD21A3E8F2DB}.Release(XP)|x64.ActiveCfg = Release|Win32
		{177D825B-BC7F-439B-B1D4-BD21A3E8F2DB}.Release(XP)|x64.Build.0 = Release|Win32
		{177D825B-BC7F-439B-B1D4-BD21A3E8F2DB}.Release(XP)|x86.ActiveCfg = Release|Win32
		{177D825B-BC7F-439B-B1D4-BD21A3E8F2DB}.Release(XP)|x86.Build.0 = Release|Win32
		{177D825B-BC7F-439B-B1D4-BD21A3E8F2DB}.Release|Any CPU.ActiveCfg = Release|Win32
		{177D825B-BC7F-439B-B1D4-BD21A3E8F2DB}.Release|Any CPU.Build.0 = Release|Win32
		{177D825B-BC7F-439B-B1D4-BD21A3E8F2DB}.Release|Mixed Platforms.ActiveCfg = Release|Win32
		{177D825B-BC7F-439B-B1D4-BD21A3E8F2DB}.Release|Mixed Platforms.Build.0 = Release|Win32
		{177D825B-BC7F-439B-B1D4-BD21A3E8F2DB}.Release|Win32.ActiveCfg = Release|Win32
		{177D825B-BC7F-439B-B1D4-BD21A3E8F2DB}.Release|Win32.Build.0 = Release|Win32
		{177D825B-BC7F-439B-B1D4-BD21A3E8F2DB}.Release|x64.ActiveCfg = Release|Win32
		{177D825B-BC7F-439B-B1D4-BD21A3E8F2DB}.Release|x86.ActiveCfg = Release|Win32
		{3B46DCAD-DE4D-44F2-A17B-5C16EE463ECE}.Debug(DLL)|Any CPU.ActiveCfg = Debug|Any CPU
		{3B46DCAD-DE4D-44F2-A17B-5C16EE463ECE}.Debug(DLL)|Any CPU.Build.0 = Debug|Any CPU
		{3B46DCAD-DE4D-44F2-A17B-5C16EE463ECE}.Debug(DLL)|Mixed Platforms.ActiveCfg = Debug|Any CPU
		{3B46DCAD-DE4D-44F2-A17B-5C16EE463ECE}.Debug(DLL)|Mixed Platforms.Build.0 = Debug|Any CPU
		{3B46DCAD-DE4D-44F2-A17B-5C16EE463ECE}.Debug(DLL)|Win32.ActiveCfg = Debug|Any CPU
		{3B46DCAD-DE4D-44F2-A17B-5C16EE463ECE}.Debug(DLL)|Win32.Build.0 = Debug|Any CPU
		{3B46DCAD-DE4D-44F2-A17B-5C16EE463ECE}.Debug(DLL)|x64.ActiveCfg = Debug|Any CPU
		{3B46DCAD-DE4D-44F2-A17B-5C16EE463ECE}.Debug(DLL)|x64.Build.0 = Debug|Any CPU
		{3B46DCAD-DE4D-44F2-A17B-5C16EE463ECE}.Debug(DLL)|x86.ActiveCfg = Debug|Any CPU
		{3B46DCAD-DE4D-44F2-A17B-5C16EE463ECE}.Debug(DLL)|x86.Build.0 = Debug|Any CPU
		{3B46DCAD-DE4D-44F2-A17B-5C16EE463ECE}.Debug(XP)|Any CPU.ActiveCfg = Debug|Any CPU
		{3B46DCAD-DE4D-44F2-A17B-5C16EE463ECE}.Debug(XP)|Any CPU.Build.0 = Debug|Any CPU
		{3B46DCAD-DE4D-44F2-A17B-5C16EE463ECE}.Debug(XP)|Mixed Platforms.ActiveCfg = Debug|Any CPU
		{3B46DCAD-DE4D-44F2-A17B-5C16EE463ECE}.Debug(XP)|Mixed Platforms.Build.0 = Debug|Any CPU
		{3B46DCAD-DE4D-44F2-A17B-5C16EE463ECE}.Debug(XP)|Win32.ActiveCfg = Debug|Any CPU
		{3B46DCAD-DE4D-44F2-A17B-5C16EE463ECE}.Debug(XP)|Win32.Build.0 = Debug|Any CPU
		{3B46DCAD-DE4D-44F2-A17B-5C16EE463ECE}.Debug(XP)|x64.ActiveCfg = Debug|Any CPU
		{3B46DCAD-DE4D-44F2-A17B-5C16EE463ECE}.Debug(XP)|x64.Build.0 = Debug|Any CPU
		{3B46DCAD-DE4D-44F2-A17B-5C16EE463ECE}.Debug(XP)|x86.ActiveCfg = Debug|Any CPU
		{3B46DCAD-DE4D-44F2-A17B-5C16EE463ECE}.Debug(XP)|x86.Build.0 = Debug|Any CPU
		{3B46DCAD-DE4D-44F2-A17B-5C16EE463ECE}.Debug|Any CPU.ActiveCfg = Debug|Any CPU
		{3B46DCAD-DE4D-44F2-A17B-5C16EE463ECE}.Debug|Any CPU.Build.0 = Debug|Any CPU
		{3B46DCAD-DE4D-44F2-A17B-5C16EE463ECE}.Debug|Mixed Platforms.ActiveCfg = Debug|Any CPU
		{3B46DCAD-DE4D-44F2-A17B-5C16EE463ECE}.Debug|Mixed Platforms.Build.0 = Debug|Any CPU
		{3B46DCAD-DE4D-44F2-A17B-5C16EE463ECE}.Debug|Win32.ActiveCfg = Debug|Any CPU
		{3B46DCAD-DE4D-44F2-A17B-5C16EE463ECE}.Debug|Win32.Build.0 = Debug|Any CPU
		{3B46DCAD-DE4D-44F2-A17B-5C16EE463ECE}.Debug|x64.ActiveCfg = Debug|Any CPU
		{3B46DCAD-DE4D-44F2-A17B-5C16EE463ECE}.Debug|x64.Build.0 = Debug|Any CPU
		{3B46DCAD-DE4D-44F2-A17B-5C16EE463ECE}.Debug|x86.ActiveCfg = Debug|Any CPU
		{3B46DCAD-DE4D-44F2-A17B-5C16EE463ECE}.Debug|x86.Build.0 = Debug|Any CPU
		{3B46DCAD-DE4D-44F2-A17B-5C16EE463ECE}.Release(DLL)|Any CPU.ActiveCfg = Release|Any CPU
		{3B46DCAD-DE4D-44F2-A17B-5C16EE463ECE}.Release(DLL)|Any CPU.Build.0 = Release|Any CPU
		{3B46DCAD-DE4D-44F2-A17B-5C16EE463ECE}.Release(DLL)|Mixed Platforms.ActiveCfg = Release|Any CPU
		{3B46DCAD-DE4D-44F2-A17B-5C16EE463ECE}.Release(DLL)|Mixed Platforms.Build.0 = Release|Any CPU
		{3B46DCAD-DE4D-44F2-A17B-5C16EE463ECE}.Release(DLL)|Win32.ActiveCfg = Release|Any CPU
		{3B46DCAD-DE4D-44F2-A17B-5C16EE463ECE}.Release(DLL)|Win32.Build.0 = Release|Any CPU
		{3B46DCAD-DE4D-44F2-A17B-5C16EE463ECE}.Release(DLL)|x64.ActiveCfg = Release|Any CPU
		{3B46DCAD-DE4D-44F2-A17B-5C16EE463ECE}.Release(DLL)|x64.Build.0 = Release|Any CPU
		{3B46DCAD-DE4D-44F2-A17B-5C16EE463ECE}.Release(DLL)|x86.ActiveCfg = Release|Any CPU
		{3B46DCAD-DE4D-44F2-A17B-5C16EE463ECE}.Release(DLL)|x86.Build.0 = Release|Any CPU
		{3B46DCAD-DE4D-44F2-A17B-5C16EE463ECE}.Release(XP)|Any CPU.ActiveCfg = Release|Any CPU
		{3B46DCAD-DE4D-44F2-A17B-5C16EE463ECE}.Release(XP)|Any CPU.Build.0 = Release|Any CPU
		{3B46DCAD-DE4D-44F2-A17B-5C16EE463ECE}.Release(XP)|Mixed Platforms.ActiveCfg = Release|Any CPU
		{3B46DCAD-DE4D-44F2-A17B-5C16EE463ECE}.Release(XP)|Mixed Platforms.Build.0 = Release|Any CPU
		{3B46DCAD-DE4D-44F2-A17B-5C16EE463ECE}.Release(XP)|Win32.ActiveCfg = Release|Any CPU
		{3B46DCAD-DE4D-44F2-A17B-5C16EE463ECE}.Release(XP)|Win32.Build.0 = Release|Any CPU
		{3B46DCAD-DE4D-44F2-A17B-5C16EE463ECE}.Release(XP)|x64.ActiveCfg = Release|Any CPU
		{3B46DCAD-DE4D-44F2-A17B-5C16EE463ECE}.Release(XP)|x64.Build.0 = Release|Any CPU
		{3B46DCAD-DE4D-44F2-A17B-5C16EE463ECE}.Release(XP)|x86.ActiveCfg = Release|Any CPU
		{3B46DCAD-DE4D-44F2-A17B-5C16EE463ECE}.Release(XP)|x86.Build.0 = Release|Any CPU
		{3B46DCAD-DE4D-44F2-A17B-5C16EE463ECE}.Release|Any CPU.ActiveCfg = Release|Any CPU
		{3B46DCAD-DE4D-44F2-A17B-5C16EE463ECE}.Release|Any CPU.Build.0 = Release|Any CPU
		{3B46DCAD-DE4D-44F2-A17B-5C16EE463ECE}.Release|Mixed Platforms.ActiveCfg = Release|Any CPU
		{3B46DCAD-DE4D-44F2-A17B-5C16EE463ECE}.Release|Mixed Platforms.Build.0 = Release|Any CPU
		{3B46DCAD-DE4D-44F2-A17B-5C16EE463ECE}.Release|Win32.ActiveCfg = Release|Any CPU
		{3B46DCAD-DE4D-44F2-A17B-5C16EE463ECE}.Release|Win32.Build.0 = Release|Any CPU
		{3B46DCAD-DE4D-44F2-A17B-5C16EE463ECE}.Release|x64.ActiveCfg = Release|Any CPU
		{3B46DCAD-DE4D-44F2-A17B-5C16EE463ECE}.Release|x64.Build.0 = Release|Any CPU
		{3B46DCAD-DE4D-44F2-A17B-5C16EE463ECE}.Release|x86.ActiveCfg = Release|Any CPU
		{3B46DCAD-DE4D-44F2-A17B-5C16EE463ECE}.Release|x86.Build.0 = Release|Any CPU
		{688F43E5-4881-47C9-A16D-2827AF38E2EB}.Debug(DLL)|Any CPU.ActiveCfg = Debug|Any CPU
		{688F43E5-4881-47C9-A16D-2827AF38E2EB}.Debug(DLL)|Any CPU.Build.0 = Debug|Any CPU
		{688F43E5-4881-47C9-A16D-2827AF38E2EB}.Debug(DLL)|Mixed Platforms.ActiveCfg = Debug|Any CPU
		{688F43E5-4881-47C9-A16D-2827AF38E2EB}.Debug(DLL)|Mixed Platforms.Build.0 = Debug|Any CPU
		{688F43E5-4881-47C9-A16D-2827AF38E2EB}.Debug(DLL)|Win32.ActiveCfg = Debug|Any CPU
		{688F43E5-4881-47C9-A16D-2827AF38E2EB}.Debug(DLL)|Win32.Build.0 = Debug|Any CPU
		{688F43E5-4881-47C9-A16D-2827AF38E2EB}.Debug(DLL)|x64.ActiveCfg = Debug|Any CPU
		{688F43E5-4881-47C9-A16D-2827AF38E2EB}.Debug(DLL)|x64.Build.0 = Debug|Any CPU
		{688F43E5-4881-47C9-A16D-2827AF38E2EB}.Debug(DLL)|x86.ActiveCfg = Debug|Any CPU
		{688F43E5-4881-47C9-A16D-2827AF38E2EB}.Debug(DLL)|x86.Build.0 = Debug|Any CPU
		{688F43E5-4881-47C9-A16D-2827AF38E2EB}.Debug(XP)|Any CPU.ActiveCfg = Debug|Any CPU
		{688F43E5-4881-47C9-A16D-2827AF38E2EB}.Debug(XP)|Any CPU.Build.0 = Debug|Any CPU
		{688F43E5-4881-47C9-A16D-2827AF38E2EB}.Debug(XP)|Mixed Platforms.ActiveCfg = Debug|Any CPU
		{688F43E5-4881-47C9-A16D-2827AF38E2EB}.Debug(XP)|Mixed Platforms.Build.0 = Debug|Any CPU
		{688F43E5-4881-47C9-A16D-2827AF38E2EB}.Debug(XP)|Win32.ActiveCfg = Debug|Any CPU
		{688F43E5-4881-47C9-A16D-2827AF38E2EB}.Debug(XP)|Win32.Build.0 = Debug|Any CPU
		{688F43E5-4881-47C9-A16D-2827AF38E2EB}.Debug(XP)|x64.ActiveCfg = Debug|Any CPU
		{688F43E5-4881-47C9-A16D-2827AF38E2EB}.Debug(XP)|x64.Build.0 = Debug|Any CPU
		{688F43E5-4881-47C9-A16D-2827AF38E2EB}.Debug(XP)|x86.ActiveCfg = Debug|Any CPU
		{688F43E5-4881-47C9-A16D-2827AF38E2EB}.Debug(XP)|x86.Build.0 = Debug|Any CPU
		{688F43E5-4881-47C9-A16D-2827AF38E2EB}.Debug|Any CPU.ActiveCfg = Debug|Any CPU
		{688F43E5-4881-47C9-A16D-2827AF38E2EB}.Debug|Any CPU.Build.0 = Debug|Any CPU
		{688F43E5-4881-47C9-A16D-2827AF38E2EB}.Debug|Mixed Platforms.ActiveCfg = Debug|Any CPU
		{688F43E5-4881-47C9-A16D-2827AF38E2EB}.Debug|Mixed Platforms.Build.0 = Debug|Any CPU
		{688F43E5-4881-47C9-A16D-2827AF38E2EB}.Debug|Win32.ActiveCfg = Debug|Any CPU
		{688F43E5-4881-47C9-A16D-2827AF38E2EB}.Debug|Win32.Build.0 = Debug|Any CPU
		{688F43E5-4881-47C9-A16D-2827AF38E2EB}.Debug|x64.ActiveCfg = Debug|Any CPU
		{688F43E5-4881-47C9-A16D-2827AF38E2EB}.Debug|x64.Build.0 = Debug|Any CPU
		{688F43E5-4881-47C9-A16D-2827AF38E2EB}.Debug|x86.ActiveCfg = Debug|Any CPU
		{688F43E5-4881-47C9-A16D-2827AF38E2EB}.Debug|x86.Build.0 = Debug|Any CPU
		{688F43E5-4881-47C9-A16D-2827AF38E2EB}.Release(DLL)|Any CPU.ActiveCfg = Release|Any CPU
		{688F43E5-4881-47C9-A16D-2827AF38E2EB}.Release(DLL)|Any CPU.Build.0 = Release|Any CPU
		{688F43E5-4881-47C9-A16D-2827AF38E2EB}.Release(DLL)|Mixed Platforms.ActiveCfg = Release|Any CPU
		{688F43E5-4881-47C9-A16D-2827AF38E2EB}.Release(DLL)|Mixed Platforms.Build.0 = Release|Any CPU
		{688F43E5-4881-47C9-A16D-2827AF38E2EB}.Release(DLL)|Win32.ActiveCfg = Release|Any CPU
		{688F43E5-4881-47C9-A16D-2827AF38E2EB}.Release(DLL)|Win32.Build.0 = Release|Any CPU
		{688F43E5-4881-47C9-A16D-2827AF38E2EB}.Release(DLL)|x64.ActiveCfg = Release|Any CPU
		{688F43E5-4881-47C9-A16D-2827AF38E2EB}.Release(DLL)|x64.Build.0 = Release|Any CPU
		{688F43E5-4881-47C9-A16D-2827AF38E2EB}.Release(DLL)|x86.ActiveCfg = Release|Any CPU
		{688F43E5-4881-47C9-A16D-2827AF38E2EB}.Release(DLL)|x86.Build.0 = Release|Any CPU
		{688F43E5-4881-47C9-A16D-2827AF38E2EB}.Release(XP)|Any CPU.ActiveCfg = Release|Any CPU
		{688F43E5-4881-47C9-A16D-2827AF38E2EB}.Release(XP)|Any CPU.Build.0 = Release|Any CPU
		{688F43E5-4881-47C9-A16D-2827AF38E2EB}.Release(XP)|Mixed Platforms.ActiveCfg = Release|Any CPU
		{688F43E5-4881-47C9-A16D-2827AF38E2EB}.Release(XP)|Mixed Platforms.Build.0 = Release|Any CPU
		{688F43E5-4881-47C9-A16D-2827AF38E2EB}.Release(XP)|Win32.ActiveCfg = Release|Any CPU
		{688F43E5-4881-47C9-A16D-2827AF38E2EB}.Release(XP)|Win32.Build.0 = Release|Any CPU
		{688F43E5-4881-47C9-A16D-2827AF38E2EB}.Release(XP)|x64.ActiveCfg = Release|Any CPU
		{688F43E5-4881-47C9-A16D-2827AF38E2EB}.Release(XP)|x64.Build.0 = Release|Any CPU
		{688F43E5-4881-47C9-A16D-2827AF38E2EB}.Release(XP)|x86.ActiveCfg = Release|Any CPU
		{688F43E5-4881-47C9-A16D-2827AF38E2EB}.Release(XP)|x86.Build.0 = Release|Any CPU
		{688F43E5-4881-47C9-A16D-2827AF38E2EB}.Release|Any CPU.ActiveCfg = Release|Any CPU
		{688F43E5-4881-47C9-A16D-2827AF38E2EB}.Release|Any CPU.Build.0 = Release|Any CPU
		{688F43E5-4881-47C9-A16D-2827AF38E2EB}.Release|Mixed Platforms.ActiveCfg = Release|Any CPU
		{688F43E5-4881-47C9-A16D-2827AF38E2EB}.Release|Mixed Platforms.Build.0 = Release|Any CPU
		{688F43E5-4881-47C9-A16D-2827AF38E2EB}.Release|Win32.ActiveCfg = Release|Any CPU
		{688F43E5-4881-47C9-A16D-2827AF38E2EB}.Release|Win32.Build.0 = Release|Any CPU
		{688F43E5-4881-47C9-A16D-2827AF38E2EB}.Release|x64.ActiveCfg = Release|Any CPU
		{688F43E5-4881-47C9-A16D-2827AF38E2EB}.Release|x64.Build.0 = Release|Any CPU
		{688F43E5-4881-47C9-A16D-2827AF38E2EB}.Release|x86.ActiveCfg = Release|Any CPU
		{688F43E5-4881-47C9-A16D-2827AF38E2EB}.Release|x86.Build.0 = Release|Any CPU
		{3FECACB6-BD35-4857-BF55-A56B5E6C6D77}.Debug(DLL)|Any CPU.ActiveCfg = Release|Win32
		{3FECACB6-BD35-4857-BF55-A56B5E6C6D77}.Debug(DLL)|Any CPU.Build.0 = Release|Win32
		{3FECACB6-BD35-4857-BF55-A56B5E6C6D77}.Debug(DLL)|Mixed Platforms.ActiveCfg = Debug|Win32
		{3FECACB6-BD35-4857-BF55-A56B5E6C6D77}.Debug(DLL)|Mixed Platforms.Build.0 = Debug|Win32
		{3FECACB6-BD35-4857-BF55-A56B5E6C6D77}.Debug(DLL)|Win32.ActiveCfg = Debug|Win32
		{3FECACB6-BD35-4857-BF55-A56B5E6C6D77}.Debug(DLL)|Win32.Build.0 = Debug|Win32
		{3FECACB6-BD35-4857-BF55-A56B5E6C6D77}.Debug(DLL)|x64.ActiveCfg = Release|Win32
		{3FECACB6-BD35-4857-BF55-A56B5E6C6D77}.Debug(DLL)|x64.Build.0 = Release|Win32
		{3FECACB6-BD35-4857-BF55-A56B5E6C6D77}.Debug(DLL)|x86.ActiveCfg = Debug|Win32
		{3FECACB6-BD35-4857-BF55-A56B5E6C6D77}.Debug(DLL)|x86.Build.0 = Debug|Win32
		{3FECACB6-BD35-4857-BF55-A56B5E6C6D77}.Debug(XP)|Any CPU.ActiveCfg = Release|Win32
		{3FECACB6-BD35-4857-BF55-A56B5E6C6D77}.Debug(XP)|Any CPU.Build.0 = Release|Win32
		{3FECACB6-BD35-4857-BF55-A56B5E6C6D77}.Debug(XP)|Mixed Platforms.ActiveCfg = Debug|Win32
		{3FECACB6-BD35-4857-BF55-A56B5E6C6D77}.Debug(XP)|Mixed Platforms.Build.0 = Debug|Win32
		{3FECACB6-BD35-4857-BF55-A56B5E6C6D77}.Debug(XP)|Win32.ActiveCfg = Debug|Win32
		{3FECACB6-BD35-4857-BF55-A56B5E6C6D77}.Debug(XP)|Win32.Build.0 = Debug|Win32
		{3FECACB6-BD35-4857-BF55-A56B5E6C6D77}.Debug(XP)|x64.ActiveCfg = Release|Win32
		{3FECACB6-BD35-4857-BF55-A56B5E6C6D77}.Debug(XP)|x64.Build.0 = Release|Win32
		{3FECACB6-BD35-4857-BF55-A56B5E6C6D77}.Debug(XP)|x86.ActiveCfg = Debug|Win32
		{3FECACB6-BD35-4857-BF55-A56B5E6C6D77}.Debug(XP)|x86.Build.0 = Debug|Win32
		{3FECACB6-BD35-4857-BF55-A56B5E6C6D77}.Debug|Any CPU.ActiveCfg = Debug|Win32
		{3FECACB6-BD35-4857-BF55-A56B5E6C6D77}.Debug|Mixed Platforms.ActiveCfg = Release|Win32
		{3FECACB6-BD35-4857-BF55-A56B5E6C6D77}.Debug|Mixed Platforms.Build.0 = Release|Win32
		{3FECACB6-BD35-4857-BF55-A56B5E6C6D77}.Debug|Win32.ActiveCfg = Debug|Win32
		{3FECACB6-BD35-4857-BF55-A56B5E6C6D77}.Debug|Win32.Build.0 = Debug|Win32
		{3FECACB6-BD35-4857-BF55-A56B5E6C6D77}.Debug|x64.ActiveCfg = Debug|Win32
		{3FECACB6-BD35-4857-BF55-A56B5E6C6D77}.Debug|x86.ActiveCfg = Debug|Win32
		{3FECACB6-BD35-4857-BF55-A56B5E6C6D77}.Debug|x86.Build.0 = Debug|Win32
		{3FECACB6-BD35-4857-BF55-A56B5E6C6D77}.Release(DLL)|Any CPU.ActiveCfg = Release|Win32
		{3FECACB6-BD35-4857-BF55-A56B5E6C6D77}.Release(DLL)|Any CPU.Build.0 = Release|Win32
		{3FECACB6-BD35-4857-BF55-A56B5E6C6D77}.Release(DLL)|Mixed Platforms.ActiveCfg = Release|Win32
		{3FECACB6-BD35-4857-BF55-A56B5E6C6D77}.Release(DLL)|Mixed Platforms.Build.0 = Release|Win32
		{3FECACB6-BD35-4857-BF55-A56B5E6C6D77}.Release(DLL)|Win32.ActiveCfg = Release|Win32
		{3FECACB6-BD35-4857-BF55-A56B5E6C6D77}.Release(DLL)|Win32.Build.0 = Release|Win32
		{3FECACB6-BD35-4857-BF55-A56B5E6C6D77}.Release(DLL)|x64.ActiveCfg = Release|Win32
		{3FECACB6-BD35-4857-BF55-A56B5E6C6D77}.Release(DLL)|x64.Build.0 = Release|Win32
		{3FECACB6-BD35-4857-BF55-A56B5E6C6D77}.Release(DLL)|x86.ActiveCfg = Release|Win32
		{3FECACB6-BD35-4857-BF55-A56B5E6C6D77}.Release(DLL)|x86.Build.0 = Release|Win32
		{3FECACB6-BD35-4857-BF55-A56B5E6C6D77}.Release(XP)|Any CPU.ActiveCfg = Release|Win32
		{3FECACB6-BD35-4857-BF55-A56B5E6C6D77}.Release(XP)|Any CPU.Build.0 = Release|Win32
		{3FECACB6-BD35-4857-BF55-A56B5E6C6D77}.Release(XP)|Mixed Platforms.ActiveCfg = Release|Win32
		{3FECACB6-BD35-4857-BF55-A56B5E6C6D77}.Release(XP)|Mixed Platforms.Build.0 = Release|Win32
		{3FECACB6-BD35-4857-BF55-A56B5E6C6D77}.Release(XP)|Win32.ActiveCfg = Release|Win32
		{3FECACB6-BD35-4857-BF55-A56B5E6C6D77}.Release(XP)|Win32.Build.0 = Release|Win32
		{3FECACB6-BD35-4857-BF55-A56B5E6C6D77}.Release(XP)|x64.ActiveCfg = Release|Win32
		{3FECACB6-BD35-4857-BF55-A56B5E6C6D77}.Release(XP)|x64.Build.0 = Release|Win32
		{3FECACB6-BD35-4857-BF55-A56B5E6C6D77}.Release(XP)|x86.ActiveCfg = Release|Win32
		{3FECACB6-BD35-4857-BF55-A56B5E6C6D77}.Release(XP)|x86.Build.0 = Release|Win32
		{3FECACB6-BD35-4857-BF55-A56B5E6C6D77}.Release|Any CPU.ActiveCfg = Release|Win32
		{3FECACB6-BD35-4857-BF55-A56B5E6C6D77}.Release|Mixed Platforms.ActiveCfg = Release|Win32
		{3FECACB6-BD35-4857-BF55-A56B5E6C6D77}.Release|Mixed Platforms.Build.0 = Release|Win32
		{3FECACB6-BD35-4857-BF55-A56B5E6C6D77}.Release|Win32.ActiveCfg = Release|Win32
		{3FECACB6-BD35-4857-BF55-A56B5E6C6D77}.Release|Win32.Build.0 = Release|Win32
		{3FECACB6-BD35-4857-BF55-A56B5E6C6D77}.Release|x64.ActiveCfg = Release|Win32
		{3FECACB6-BD35-4857-BF55-A56B5E6C6D77}.Release|x86.ActiveCfg = Release|Win32
		{3FECACB6-BD35-4857-BF55-A56B5E6C6D77}.Release|x86.Build.0 = Release|Win32
		{467226FB-7838-43FF-8ECA-199FAEA760D6}.Debug(DLL)|Any CPU.ActiveCfg = Release|Win32
		{467226FB-7838-43FF-8ECA-199FAEA760D6}.Debug(DLL)|Any CPU.Build.0 = Release|Win32
		{467226FB-7838-43FF-8ECA-199FAEA760D6}.Debug(DLL)|Mixed Platforms.ActiveCfg = Debug|Win32
		{467226FB-7838-43FF-8ECA-199FAEA760D6}.Debug(DLL)|Mixed Platforms.Build.0 = Debug|Win32
		{467226FB-7838-43FF-8ECA-199FAEA760D6}.Debug(DLL)|Win32.ActiveCfg = Debug|Win32
		{467226FB-7838-43FF-8ECA-199FAEA760D6}.Debug(DLL)|Win32.Build.0 = Debug|Win32
		{467226FB-7838-43FF-8ECA-199FAEA760D6}.Debug(DLL)|x64.ActiveCfg = Release|Win32
		{467226FB-7838-43FF-8ECA-199FAEA760D6}.Debug(DLL)|x64.Build.0 = Release|Win32
		{467226FB-7838-43FF-8ECA-199FAEA760D6}.Debug(DLL)|x86.ActiveCfg = Debug|Win32
		{467226FB-7838-43FF-8ECA-199FAEA760D6}.Debug(DLL)|x86.Build.0 = Debug|Win32
		{467226FB-7838-43FF-8ECA-199FAEA760D6}.Debug(XP)|Any CPU.ActiveCfg = Release|Win32
		{467226FB-7838-43FF-8ECA-199FAEA760D6}.Debug(XP)|Any CPU.Build.0 = Release|Win32
		{467226FB-7838-43FF-8ECA-199FAEA760D6}.Debug(XP)|Mixed Platforms.ActiveCfg = Debug|Win32
		{467226FB-7838-43FF-8ECA-199FAEA760D6}.Debug(XP)|Mixed Platforms.Build.0 = Debug|Win32
		{467226FB-7838-43FF-8ECA-199FAEA760D6}.Debug(XP)|Win32.ActiveCfg = Debug|Win32
		{467226FB-7838-43FF-8ECA-199FAEA760D6}.Debug(XP)|Win32.Build.0 = Debug|Win32
		{467226FB-7838-43FF-8ECA-199FAEA760D6}.Debug(XP)|x64.ActiveCfg = Release|Win32
		{467226FB-7838-43FF-8ECA-199FAEA760D6}.Debug(XP)|x64.Build.0 = Release|Win32
		{467226FB-7838-43FF-8ECA-199FAEA760D6}.Debug(XP)|x86.ActiveCfg = Debug|Win32
		{467226FB-7838-43FF-8ECA-199FAEA760D6}.Debug(XP)|x86.Build.0 = Debug|Win32
		{467226FB-7838-43FF-8ECA-199FAEA760D6}.Debug|Any CPU.ActiveCfg = Debug|Win32
		{467226FB-7838-43FF-8ECA-199FAEA760D6}.Debug|Mixed Platforms.ActiveCfg = Release|Win32
		{467226FB-7838-43FF-8ECA-199FAEA760D6}.Debug|Mixed Platforms.Build.0 = Release|Win32
		{467226FB-7838-43FF-8ECA-199FAEA760D6}.Debug|Win32.ActiveCfg = Debug|Win32
		{467226FB-7838-43FF-8ECA-199FAEA760D6}.Debug|Win32.Build.0 = Debug|Win32
		{467226FB-7838-43FF-8ECA-199FAEA760D6}.Debug|x64.ActiveCfg = Debug|Win32
		{467226FB-7838-43FF-8ECA-199FAEA760D6}.Debug|x86.ActiveCfg = Debug|Win32
		{467226FB-7838-43FF-8ECA-199FAEA760D6}.Debug|x86.Build.0 = Debug|Win32
		{467226FB-7838-43FF-8ECA-199FAEA760D6}.Release(DLL)|Any CPU.ActiveCfg = Release|Win32
		{467226FB-7838-43FF-8ECA-199FAEA760D6}.Release(DLL)|Any CPU.Build.0 = Release|Win32
		{467226FB-7838-43FF-8ECA-199FAEA760D6}.Release(DLL)|Mixed Platforms.ActiveCfg = Release|Win32
		{467226FB-7838-43FF-8ECA-199FAEA760D6}.Release(DLL)|Mixed Platforms.Build.0 = Release|Win32
		{467226FB-7838-43FF-8ECA-199FAEA760D6}.Release(DLL)|Win32.ActiveCfg = Release|Win32
		{467226FB-7838-43FF-8ECA-199FAEA760D6}.Release(DLL)|Win32.Build.0 = Release|Win32
		{467226FB-7838-43FF-8ECA-199FAEA760D6}.Release(DLL)|x64.ActiveCfg = Release|Win32
		{467226FB-7838-43FF-8ECA-199FAEA760D6}.Release(DLL)|x64.Build.0 = Release|Win32
		{467226FB-7838-43FF-8ECA-199FAEA760D6}.Release(DLL)|x86.ActiveCfg = Release|Win32
		{467226FB-7838-43FF-8ECA-199FAEA760D6}.Release(DLL)|x86.Build.0 = Release|Win32
		{467226FB-7838-43FF-8ECA-199FAEA760D6}.Release(XP)|Any CPU.ActiveCfg = Release|Win32
		{467226FB-7838-43FF-8ECA-199FAEA760D6}.Release(XP)|Any CPU.Build.0 = Release|Win32
		{467226FB-7838-43FF-8ECA-199FAEA760D6}.Release(XP)|Mixed Platforms.ActiveCfg = Release|Win32
		{467226FB-7838-43FF-8ECA-199FAEA760D6}.Release(XP)|Mixed Platforms.Build.0 = Release|Win32
		{467226FB-7838-43FF-8ECA-199FAEA760D6}.Release(XP)|Win32.ActiveCfg = Release|Win32
		{467226FB-7838-43FF-8ECA-199FAEA760D6}.Release(XP)|Win32.Build.0 = Release|Win32
		{467226FB-7838-43FF-8ECA-199FAEA760D6}.Release(XP)|x64.ActiveCfg = Release|Win32
		{467226FB-7838-43FF-8ECA-199FAEA760D6}.Release(XP)|x64.Build.0 = Release|Win32
		{467226FB-7838-43FF-8ECA-199FAEA760D6}.Release(XP)|x86.ActiveCfg = Release|Win32
		{467226FB-7838-43FF-8ECA-199FAEA760D6}.Release(XP)|x86.Build.0 = Release|Win32
		{467226FB-7838-43FF-8ECA-199FAEA760D6}.Release|Any CPU.ActiveCfg = Release|Win32
		{467226FB-7838-43FF-8ECA-199FAEA760D6}.Release|Mixed Platforms.ActiveCfg = Release|Win32
		{467226FB-7838-43FF-8ECA-199FAEA760D6}.Release|Mixed Platforms.Build.0 = Release|Win32
		{467226FB-7838-43FF-8ECA-199FAEA760D6}.Release|Win32.ActiveCfg = Release|Win32
		{467226FB-7838-43FF-8ECA-199FAEA760D6}.Release|Win32.Build.0 = Release|Win32
		{467226FB-7838-43FF-8ECA-199FAEA760D6}.Release|x64.ActiveCfg = Release|Win32
		{467226FB-7838-43FF-8ECA-199FAEA760D6}.Release|x86.ActiveCfg = Release|Win32
		{467226FB-7838-43FF-8ECA-199FAEA760D6}.Release|x86.Build.0 = Release|Win32
		{8E623BB1-1B7B-4F8E-A051-72F53A9AB620}.Debug(DLL)|Any CPU.ActiveCfg = Release|Win32
		{8E623BB1-1B7B-4F8E-A051-72F53A9AB620}.Debug(DLL)|Any CPU.Build.0 = Release|Win32
		{8E623BB1-1B7B-4F8E-A051-72F53A9AB620}.Debug(DLL)|Mixed Platforms.ActiveCfg = Debug|Win32
		{8E623BB1-1B7B-4F8E-A051-72F53A9AB620}.Debug(DLL)|Mixed Platforms.Build.0 = Debug|Win32
		{8E623BB1-1B7B-4F8E-A051-72F53A9AB620}.Debug(DLL)|Win32.ActiveCfg = Debug|Win32
		{8E623BB1-1B7B-4F8E-A051-72F53A9AB620}.Debug(DLL)|Win32.Build.0 = Debug|Win32
		{8E623BB1-1B7B-4F8E-A051-72F53A9AB620}.Debug(DLL)|x64.ActiveCfg = Release|Win32
		{8E623BB1-1B7B-4F8E-A051-72F53A9AB620}.Debug(DLL)|x64.Build.0 = Release|Win32
		{8E623BB1-1B7B-4F8E-A051-72F53A9AB620}.Debug(DLL)|x86.ActiveCfg = Debug|Win32
		{8E623BB1-1B7B-4F8E-A051-72F53A9AB620}.Debug(DLL)|x86.Build.0 = Debug|Win32
		{8E623BB1-1B7B-4F8E-A051-72F53A9AB620}.Debug(XP)|Any CPU.ActiveCfg = Release|Win32
		{8E623BB1-1B7B-4F8E-A051-72F53A9AB620}.Debug(XP)|Any CPU.Build.0 = Release|Win32
		{8E623BB1-1B7B-4F8E-A051-72F53A9AB620}.Debug(XP)|Mixed Platforms.ActiveCfg = Debug|Win32
		{8E623BB1-1B7B-4F8E-A051-72F53A9AB620}.Debug(XP)|Mixed Platforms.Build.0 = Debug|Win32
		{8E623BB1-1B7B-4F8E-A051-72F53A9AB620}.Debug(XP)|Win32.ActiveCfg = Debug|Win32
		{8E623BB1-1B7B-4F8E-A051-72F53A9AB620}.Debug(XP)|Win32.Build.0 = Debug|Win32
		{8E623BB1-1B7B-4F8E-A051-72F53A9AB620}.Debug(XP)|x64.ActiveCfg = Release|Win32
		{8E623BB1-1B7B-4F8E-A051-72F53A9AB620}.Debug(XP)|x64.Build.0 = Release|Win32
		{8E623BB1-1B7B-4F8E-A051-72F53A9AB620}.Debug(XP)|x86.ActiveCfg = Debug|Win32
		{8E623BB1-1B7B-4F8E-A051-72F53A9AB620}.Debug(XP)|x86.Build.0 = Debug|Win32
		{8E623BB1-1B7B-4F8E-A051-72F53A9AB620}.Debug|Any CPU.ActiveCfg = Debug|Win32
		{8E623BB1-1B7B-4F8E-A051-72F53A9AB620}.Debug|Mixed Platforms.ActiveCfg = Release|Win32
		{8E623BB1-1B7B-4F8E-A051-72F53A9AB620}.Debug|Mixed Platforms.Build.0 = Release|Win32
		{8E623BB1-1B7B-4F8E-A051-72F53A9AB620}.Debug|Win32.ActiveCfg = Debug|Win32
		{8E623BB1-1B7B-4F8E-A051-72F53A9AB620}.Debug|Win32.Build.0 = Debug|Win32
		{8E623BB1-1B7B-4F8E-A051-72F53A9AB620}.Debug|x64.ActiveCfg = Debug|Win32
		{8E623BB1-1B7B-4F8E-A051-72F53A9AB620}.Debug|x86.ActiveCfg = Debug|Win32
		{8E623BB1-1B7B-4F8E-A051-72F53A9AB620}.Debug|x86.Build.0 = Debug|Win32
		{8E623BB1-1B7B-4F8E-A051-72F53A9AB620}.Release(DLL)|Any CPU.ActiveCfg = Release|Win32
		{8E623BB1-1B7B-4F8E-A051-72F53A9AB620}.Release(DLL)|Any CPU.Build.0 = Release|Win32
		{8E623BB1-1B7B-4F8E-A051-72F53A9AB620}.Release(DLL)|Mixed Platforms.ActiveCfg = Release|Win32
		{8E623BB1-1B7B-4F8E-A051-72F53A9AB620}.Release(DLL)|Mixed Platforms.Build.0 = Release|Win32
		{8E623BB1-1B7B-4F8E-A051-72F53A9AB620}.Release(DLL)|Win32.ActiveCfg = Release|Win32
		{8E623BB1-1B7B-4F8E-A051-72F53A9AB620}.Release(DLL)|Win32.Build.0 = Release|Win32
		{8E623BB1-1B7B-4F8E-A051-72F53A9AB620}.Release(DLL)|x64.ActiveCfg = Release|Win32
		{8E623BB1-1B7B-4F8E-A051-72F53A9AB620}.Release(DLL)|x64.Build.0 = Release|Win32
		{8E623BB1-1B7B-4F8E-A051-72F53A9AB620}.Release(DLL)|x86.ActiveCfg = Release|Win32
		{8E623BB1-1B7B-4F8E-A051-72F53A9AB620}.Release(DLL)|x86.Build.0 = Release|Win32
		{8E623BB1-1B7B-4F8E-A051-72F53A9AB620}.Release(XP)|Any CPU.ActiveCfg = Release|Win32
		{8E623BB1-1B7B-4F8E-A051-72F53A9AB620}.Release(XP)|Any CPU.Build.0 = Release|Win32
		{8E623BB1-1B7B-4F8E-A051-72F53A9AB620}.Release(XP)|Mixed Platforms.ActiveCfg = Release|Win32
		{8E623BB1-1B7B-4F8E-A051-72F53A9AB620}.Release(XP)|Mixed Platforms.Build.0 = Release|Win32
		{8E623BB1-1B7B-4F8E-A051-72F53A9AB620}.Release(XP)|Win32.ActiveCfg = Release|Win32
		{8E623BB1-1B7B-4F8E-A051-72F53A9AB620}.Release(XP)|Win32.Build.0 = Release|Win32
		{8E623BB1-1B7B-4F8E-A051-72F53A9AB620}.Release(XP)|x64.ActiveCfg = Release|Win32
		{8E623BB1-1B7B-4F8E-A051-72F53A9AB620}.Release(XP)|x64.Build.0 = Release|Win32
		{8E623BB1-1B7B-4F8E-A051-72F53A9AB620}.Release(XP)|x86.ActiveCfg = Release|Win32
		{8E623BB1-1B7B-4F8E-A051-72F53A9AB620}.Release(XP)|x86.Build.0 = Release|Win32
		{8E623BB1-1B7B-4F8E-A051-72F53A9AB620}.Release|Any CPU.ActiveCfg = Release|Win32
		{8E623BB1-1B7B-4F8E-A051-72F53A9AB620}.Release|Mixed Platforms.ActiveCfg = Release|Win32
		{8E623BB1-1B7B-4F8E-A051-72F53A9AB620}.Release|Mixed Platforms.Build.0 = Release|Win32
		{8E623BB1-1B7B-4F8E-A051-72F53A9AB620}.Release|Win32.ActiveCfg = Release|Win32
		{8E623BB1-1B7B-4F8E-A051-72F53A9AB620}.Release|Win32.Build.0 = Release|Win32
		{8E623BB1-1B7B-4F8E-A051-72F53A9AB620}.Release|x64.ActiveCfg = Release|Win32
		{8E623BB1-1B7B-4F8E-A051-72F53A9AB620}.Release|x86.ActiveCfg = Release|Win32
		{8E623BB1-1B7B-4F8E-A051-72F53A9AB620}.Release|x86.Build.0 = Release|Win32
		{DB2443BF-7C7E-4E62-BF95-304280073190}.Debug(DLL)|Any CPU.ActiveCfg = Release|x64
		{DB2443BF-7C7E-4E62-BF95-304280073190}.Debug(DLL)|Any CPU.Build.0 = Release|x64
		{DB2443BF-7C7E-4E62-BF95-304280073190}.Debug(DLL)|Mixed Platforms.ActiveCfg = Debug|Win32
		{DB2443BF-7C7E-4E62-BF95-304280073190}.Debug(DLL)|Mixed Platforms.Build.0 = Debug|Win32
		{DB2443BF-7C7E-4E62-BF95-304280073190}.Debug(DLL)|Win32.ActiveCfg = Debug|Win32
		{DB2443BF-7C7E-4E62-BF95-304280073190}.Debug(DLL)|Win32.Build.0 = Debug|Win32
		{DB2443BF-7C7E-4E62-BF95-304280073190}.Debug(DLL)|x64.ActiveCfg = Debug|x64
		{DB2443BF-7C7E-4E62-BF95-304280073190}.Debug(DLL)|x64.Build.0 = Debug|x64
		{DB2443BF-7C7E-4E62-BF95-304280073190}.Debug(DLL)|x86.ActiveCfg = Debug|Win32
		{DB2443BF-7C7E-4E62-BF95-304280073190}.Debug(DLL)|x86.Build.0 = Debug|Win32
		{DB2443BF-7C7E-4E62-BF95-304280073190}.Debug(XP)|Any CPU.ActiveCfg = Release|x64
		{DB2443BF-7C7E-4E62-BF95-304280073190}.Debug(XP)|Any CPU.Build.0 = Release|x64
		{DB2443BF-7C7E-4E62-BF95-304280073190}.Debug(XP)|Mixed Platforms.ActiveCfg = Debug|Win32
		{DB2443BF-7C7E-4E62-BF95-304280073190}.Debug(XP)|Mixed Platforms.Build.0 = Debug|Win32
		{DB2443BF-7C7E-4E62-BF95-304280073190}.Debug(XP)|Win32.ActiveCfg = Debug|Win32
		{DB2443BF-7C7E-4E62-BF95-304280073190}.Debug(XP)|Win32.Build.0 = Debug|Win32
		{DB2443BF-7C7E-4E62-BF95-304280073190}.Debug(XP)|x64.ActiveCfg = Debug|x64
		{DB2443BF-7C7E-4E62-BF95-304280073190}.Debug(XP)|x64.Build.0 = Debug|x64
		{DB2443BF-7C7E-4E62-BF95-304280073190}.Debug(XP)|x86.ActiveCfg = Debug|Win32
		{DB2443BF-7C7E-4E62-BF95-304280073190}.Debug(XP)|x86.Build.0 = Debug|Win32
		{DB2443BF-7C7E-4E62-BF95-304280073190}.Debug|Any CPU.ActiveCfg = Debug|Win32
		{DB2443BF-7C7E-4E62-BF95-304280073190}.Debug|Mixed Platforms.ActiveCfg = Release|Win32
		{DB2443BF-7C7E-4E62-BF95-304280073190}.Debug|Mixed Platforms.Build.0 = Release|Win32
		{DB2443BF-7C7E-4E62-BF95-304280073190}.Debug|Win32.ActiveCfg = Debug|Win32
		{DB2443BF-7C7E-4E62-BF95-304280073190}.Debug|Win32.Build.0 = Debug|Win32
		{DB2443BF-7C7E-4E62-BF95-304280073190}.Debug|x64.ActiveCfg = Debug|x64
		{DB2443BF-7C7E-4E62-BF95-304280073190}.Debug|x64.Build.0 = Debug|x64
		{DB2443BF-7C7E-4E62-BF95-304280073190}.Debug|x86.ActiveCfg = Debug|Win32
		{DB2443BF-7C7E-4E62-BF95-304280073190}.Debug|x86.Build.0 = Debug|Win32
		{DB2443BF-7C7E-4E62-BF95-304280073190}.Release(DLL)|Any CPU.ActiveCfg = Release|x64
		{DB2443BF-7C7E-4E62-BF95-304280073190}.Release(DLL)|Any CPU.Build.0 = Release|x64
		{DB2443BF-7C7E-4E62-BF95-304280073190}.Release(DLL)|Mixed Platforms.ActiveCfg = Release|Win32
		{DB2443BF-7C7E-4E62-BF95-304280073190}.Release(DLL)|Mixed Platforms.Build.0 = Release|Win32
		{DB2443BF-7C7E-4E62-BF95-304280073190}.Release(DLL)|Win32.ActiveCfg = Release|Win32
		{DB2443BF-7C7E-4E62-BF95-304280073190}.Release(DLL)|Win32.Build.0 = Release|Win32
		{DB2443BF-7C7E-4E62-BF95-304280073190}.Release(DLL)|x64.ActiveCfg = Release|x64
		{DB2443BF-7C7E-4E62-BF95-304280073190}.Release(DLL)|x64.Build.0 = Release|x64
		{DB2443BF-7C7E-4E62-BF95-304280073190}.Release(DLL)|x86.ActiveCfg = Release|Win32
		{DB2443BF-7C7E-4E62-BF95-304280073190}.Release(DLL)|x86.Build.0 = Release|Win32
		{DB2443BF-7C7E-4E62-BF95-304280073190}.Release(XP)|Any CPU.ActiveCfg = Release|x64
		{DB2443BF-7C7E-4E62-BF95-304280073190}.Release(XP)|Any CPU.Build.0 = Release|x64
		{DB2443BF-7C7E-4E62-BF95-304280073190}.Release(XP)|Mixed Platforms.ActiveCfg = Release|Win32
		{DB2443BF-7C7E-4E62-BF95-304280073190}.Release(XP)|Mixed Platforms.Build.0 = Release|Win32
		{DB2443BF-7C7E-4E62-BF95-304280073190}.Release(XP)|Win32.ActiveCfg = Release|Win32
		{DB2443BF-7C7E-4E62-BF95-304280073190}.Release(XP)|Win32.Build.0 = Release|Win32
		{DB2443BF-7C7E-4E62-BF95-304280073190}.Release(XP)|x64.ActiveCfg = Release|x64
		{DB2443BF-7C7E-4E62-BF95-304280073190}.Release(XP)|x64.Build.0 = Release|x64
		{DB2443BF-7C7E-4E62-BF95-304280073190}.Release(XP)|x86.ActiveCfg = Release|Win32
		{DB2443BF-7C7E-4E62-BF95-304280073190}.Release(XP)|x86.Build.0 = Release|Win32
		{DB2443BF-7C7E-4E62-BF95-304280073190}.Release|Any CPU.ActiveCfg = Release|Win32
		{DB2443BF-7C7E-4E62-BF95-304280073190}.Release|Mixed Platforms.ActiveCfg = Release|Win32
		{DB2443BF-7C7E-4E62-BF95-304280073190}.Release|Mixed Platforms.Build.0 = Release|Win32
		{DB2443BF-7C7E-4E62-BF95-304280073190}.Release|Win32.ActiveCfg = Release|Win32
		{DB2443BF-7C7E-4E62-BF95-304280073190}.Release|Win32.Build.0 = Release|Win32
		{DB2443BF-7C7E-4E62-BF95-304280073190}.Release|x64.ActiveCfg = Release|x64
		{DB2443BF-7C7E-4E62-BF95-304280073190}.Release|x64.Build.0 = Release|x64
		{DB2443BF-7C7E-4E62-BF95-304280073190}.Release|x86.ActiveCfg = Release|Win32
		{DB2443BF-7C7E-4E62-BF95-304280073190}.Release|x86.Build.0 = Release|Win32
		{7111CE8C-C7DF-423A-BA10-C25EEB302D55}.Debug(DLL)|Any CPU.ActiveCfg = Release|x64
		{7111CE8C-C7DF-423A-BA10-C25EEB302D55}.Debug(DLL)|Any CPU.Build.0 = Release|x64
		{7111CE8C-C7DF-423A-BA10-C25EEB302D55}.Debug(DLL)|Mixed Platforms.ActiveCfg = Debug|Win32
		{7111CE8C-C7DF-423A-BA10-C25EEB302D55}.Debug(DLL)|Mixed Platforms.Build.0 = Debug|Win32
		{7111CE8C-C7DF-423A-BA10-C25EEB302D55}.Debug(DLL)|Win32.ActiveCfg = Debug|Win32
		{7111CE8C-C7DF-423A-BA10-C25EEB302D55}.Debug(DLL)|Win32.Build.0 = Debug|Win32
		{7111CE8C-C7DF-423A-BA10-C25EEB302D55}.Debug(DLL)|x64.ActiveCfg = Debug|x64
		{7111CE8C-C7DF-423A-BA10-C25EEB302D55}.Debug(DLL)|x64.Build.0 = Debug|x64
		{7111CE8C-C7DF-423A-BA10-C25EEB302D55}.Debug(DLL)|x86.ActiveCfg = Debug|Win32
		{7111CE8C-C7DF-423A-BA10-C25EEB302D55}.Debug(DLL)|x86.Build.0 = Debug|Win32
		{7111CE8C-C7DF-423A-BA10-C25EEB302D55}.Debug(XP)|Any CPU.ActiveCfg = Release|x64
		{7111CE8C-C7DF-423A-BA10-C25EEB302D55}.Debug(XP)|Any CPU.Build.0 = Release|x64
		{7111CE8C-C7DF-423A-BA10-C25EEB302D55}.Debug(XP)|Mixed Platforms.ActiveCfg = Debug|Win32
		{7111CE8C-C7DF-423A-BA10-C25EEB302D55}.Debug(XP)|Mixed Platforms.Build.0 = Debug|Win32
		{7111CE8C-C7DF-423A-BA10-C25EEB302D55}.Debug(XP)|Win32.ActiveCfg = Debug|Win32
		{7111CE8C-C7DF-423A-BA10-C25EEB302D55}.Debug(XP)|Win32.Build.0 = Debug|Win32
		{7111CE8C-C7DF-423A-BA10-C25EEB302D55}.Debug(XP)|x64.ActiveCfg = Debug|x64
		{7111CE8C-C7DF-423A-BA10-C25EEB302D55}.Debug(XP)|x64.Build.0 = Debug|x64
		{7111CE8C-C7DF-423A-BA10-C25EEB302D55}.Debug(XP)|x86.ActiveCfg = Debug|Win32
		{7111CE8C-C7DF-423A-BA10-C25EEB302D55}.Debug(XP)|x86.Build.0 = Debug|Win32
		{7111CE8C-C7DF-423A-BA10-C25EEB302D55}.Debug|Any CPU.ActiveCfg = Debug|Win32
		{7111CE8C-C7DF-423A-BA10-C25EEB302D55}.Debug|Mixed Platforms.ActiveCfg = Release|Win32
		{7111CE8C-C7DF-423A-BA10-C25EEB302D55}.Debug|Mixed Platforms.Build.0 = Release|Win32
		{7111CE8C-C7DF-423A-BA10-C25EEB302D55}.Debug|Win32.ActiveCfg = Debug|Win32
		{7111CE8C-C7DF-423A-BA10-C25EEB302D55}.Debug|Win32.Build.0 = Debug|Win32
		{7111CE8C-C7DF-423A-BA10-C25EEB302D55}.Debug|x64.ActiveCfg = Debug|x64
		{7111CE8C-C7DF-423A-BA10-C25EEB302D55}.Debug|x64.Build.0 = Debug|x64
		{7111CE8C-C7DF-423A-BA10-C25EEB302D55}.Debug|x86.ActiveCfg = Debug|Win32
		{7111CE8C-C7DF-423A-BA10-C25EEB302D55}.Debug|x86.Build.0 = Debug|Win32
		{7111CE8C-C7DF-423A-BA10-C25EEB302D55}.Release(DLL)|Any CPU.ActiveCfg = Release|x64
		{7111CE8C-C7DF-423A-BA10-C25EEB302D55}.Release(DLL)|Any CPU.Build.0 = Release|x64
		{7111CE8C-C7DF-423A-BA10-C25EEB302D55}.Release(DLL)|Mixed Platforms.ActiveCfg = Release|Win32
		{7111CE8C-C7DF-423A-BA10-C25EEB302D55}.Release(DLL)|Mixed Platforms.Build.0 = Release|Win32
		{7111CE8C-C7DF-423A-BA10-C25EEB302D55}.Release(DLL)|Win32.ActiveCfg = Release|Win32
		{7111CE8C-C7DF-423A-BA10-C25EEB302D55}.Release(DLL)|Win32.Build.0 = Release|Win32
		{7111CE8C-C7DF-423A-BA10-C25EEB302D55}.Release(DLL)|x64.ActiveCfg = Release|x64
		{7111CE8C-C7DF-423A-BA10-C25EEB302D55}.Release(DLL)|x64.Build.0 = Release|x64
		{7111CE8C-C7DF-423A-BA10-C25EEB302D55}.Release(DLL)|x86.ActiveCfg = Release|Win32
		{7111CE8C-C7DF-423A-BA10-C25EEB302D55}.Release(DLL)|x86.Build.0 = Release|Win32
		{7111CE8C-C7DF-423A-BA10-C25EEB302D55}.Release(XP)|Any CPU.ActiveCfg = Release|x64
		{7111CE8C-C7DF-423A-BA10-C25EEB302D55}.Release(XP)|Any CPU.Build.0 = Release|x64
		{7111CE8C-C7DF-423A-BA10-C25EEB302D55}.Release(XP)|Mixed Platforms.ActiveCfg = Release|Win32
		{7111CE8C-C7DF-423A-BA10-C25EEB302D55}.Release(XP)|Mixed Platforms.Build.0 = Release|Win32
		{7111CE8C-C7DF-423A-BA10-C25EEB302D55}.Release(XP)|Win32.ActiveCfg = Release|Win32
		{7111CE8C-C7DF-423A-BA10-C25EEB302D55}.Release(XP)|Win32.Build.0 = Release|Win32
		{7111CE8C-C7DF-423A-BA10-C25EEB302D55}.Release(XP)|x64.ActiveCfg = Release|x64
		{7111CE8C-C7DF-423A-BA10-C25EEB302D55}.Release(XP)|x64.Build.0 = Release|x64
		{7111CE8C-C7DF-423A-BA10-C25EEB302D55}.Release(XP)|x86.ActiveCfg = Release|Win32
		{7111CE8C-C7DF-423A-BA10-C25EEB302D55}.Release(XP)|x86.Build.0 = Release|Win32
		{7111CE8C-C7DF-423A-BA10-C25EEB302D55}.Release|Any CPU.ActiveCfg = Release|Win32
		{7111CE8C-C7DF-423A-BA10-C25EEB302D55}.Release|Mixed Platforms.ActiveCfg = Release|Win32
		{7111CE8C-C7DF-423A-BA10-C25EEB302D55}.Release|Mixed Platforms.Build.0 = Release|Win32
		{7111CE8C-C7DF-423A-BA10-C25EEB302D55}.Release|Win32.ActiveCfg = Release|Win32
		{7111CE8C-C7DF-423A-BA10-C25EEB302D55}.Release|Win32.Build.0 = Release|Win32
		{7111CE8C-C7DF-423A-BA10-C25EEB302D55}.Release|x64.ActiveCfg = Release|x64
		{7111CE8C-C7DF-423A-BA10-C25EEB302D55}.Release|x64.Build.0 = Release|x64
		{7111CE8C-C7DF-423A-BA10-C25EEB302D55}.Release|x86.ActiveCfg = Release|Win32
		{7111CE8C-C7DF-423A-BA10-C25EEB302D55}.Release|x86.Build.0 = Release|Win32
		{A2C53563-46F5-4D87-903F-3F1F2FDB2DEB}.Debug(DLL)|Any CPU.ActiveCfg = Debug(DLL)|Win32
		{A2C53563-46F5-4D87-903F-3F1F2FDB2DEB}.Debug(DLL)|Mixed Platforms.ActiveCfg = Debug(DLL)|Win32
		{A2C53563-46F5-4D87-903F-3F1F2FDB2DEB}.Debug(DLL)|Mixed Platforms.Build.0 = Debug(DLL)|Win32
		{A2C53563-46F5-4D87-903F-3F1F2FDB2DEB}.Debug(DLL)|Win32.ActiveCfg = Debug(DLL)|Win32
		{A2C53563-46F5-4D87-903F-3F1F2FDB2DEB}.Debug(DLL)|Win32.Build.0 = Debug(DLL)|Win32
		{A2C53563-46F5-4D87-903F-3F1F2FDB2DEB}.Debug(DLL)|x64.ActiveCfg = Debug(DLL)|x64
		{A2C53563-46F5-4D87-903F-3F1F2FDB2DEB}.Debug(DLL)|x64.Build.0 = Debug(DLL)|x64
		{A2C53563-46F5-4D87-903F-3F1F2FDB2DEB}.Debug(DLL)|x86.ActiveCfg = Debug(DLL)|Win32
		{A2C53563-46F5-4D87-903F-3F1F2FDB2DEB}.Debug(DLL)|x86.Build.0 = Debug(DLL)|Win32
		{A2C53563-46F5-4D87-903F-3F1F2FDB2DEB}.Debug(XP)|Any CPU.ActiveCfg = Debug(XP)|Win32
		{A2C53563-46F5-4D87-903F-3F1F2FDB2DEB}.Debug(XP)|Mixed Platforms.ActiveCfg = Debug(XP)|Win32
		{A2C53563-46F5-4D87-903F-3F1F2FDB2DEB}.Debug(XP)|Mixed Platforms.Build.0 = Debug(XP)|Win32
		{A2C53563-46F5-4D87-903F-3F1F2FDB2DEB}.Debug(XP)|Win32.ActiveCfg = Debug(XP)|Win32
		{A2C53563-46F5-4D87-903F-3F1F2FDB2DEB}.Debug(XP)|Win32.Build.0 = Debug(XP)|Win32
		{A2C53563-46F5-4D87-903F-3F1F2FDB2DEB}.Debug(XP)|x64.ActiveCfg = Debug(XP)|x64
		{A2C53563-46F5-4D87-903F-3F1F2FDB2DEB}.Debug(XP)|x64.Build.0 = Debug(XP)|x64
		{A2C53563-46F5-4D87-903F-3F1F2FDB2DEB}.Debug(XP)|x86.ActiveCfg = Debug(XP)|Win32
		{A2C53563-46F5-4D87-903F-3F1F2FDB2DEB}.Debug(XP)|x86.Build.0 = Debug(XP)|Win32
		{A2C53563-46F5-4D87-903F-3F1F2FDB2DEB}.Debug|Any CPU.ActiveCfg = Debug|Win32
		{A2C53563-46F5-4D87-903F-3F1F2FDB2DEB}.Debug|Mixed Platforms.ActiveCfg = Release|Win32
		{A2C53563-46F5-4D87-903F-3F1F2FDB2DEB}.Debug|Mixed Platforms.Build.0 = Release|Win32
		{A2C53563-46F5-4D87-903F-3F1F2FDB2DEB}.Debug|Win32.ActiveCfg = Debug|Win32
		{A2C53563-46F5-4D87-903F-3F1F2FDB2DEB}.Debug|Win32.Build.0 = Debug|Win32
		{A2C53563-46F5-4D87-903F-3F1F2FDB2DEB}.Debug|x64.ActiveCfg = Debug|x64
		{A2C53563-46F5-4D87-903F-3F1F2FDB2DEB}.Debug|x64.Build.0 = Debug|x64
		{A2C53563-46F5-4D87-903F-3F1F2FDB2DEB}.Debug|x86.ActiveCfg = Debug|Win32
		{A2C53563-46F5-4D87-903F-3F1F2FDB2DEB}.Debug|x86.Build.0 = Debug|Win32
		{A2C53563-46F5-4D87-903F-3F1F2FDB2DEB}.Release(DLL)|Any CPU.ActiveCfg = Release(DLL)|Win32
		{A2C53563-46F5-4D87-903F-3F1F2FDB2DEB}.Release(DLL)|Mixed Platforms.ActiveCfg = Release(DLL)|Win32
		{A2C53563-46F5-4D87-903F-3F1F2FDB2DEB}.Release(DLL)|Mixed Platforms.Build.0 = Release(DLL)|Win32
		{A2C53563-46F5-4D87-903F-3F1F2FDB2DEB}.Release(DLL)|Win32.ActiveCfg = Release(DLL)|Win32
		{A2C53563-46F5-4D87-903F-3F1F2FDB2DEB}.Release(DLL)|Win32.Build.0 = Release(DLL)|Win32
		{A2C53563-46F5-4D87-903F-3F1F2FDB2DEB}.Release(DLL)|x64.ActiveCfg = Release(DLL)|x64
		{A2C53563-46F5-4D87-903F-3F1F2FDB2DEB}.Release(DLL)|x64.Build.0 = Release(DLL)|x64
		{A2C53563-46F5-4D87-903F-3F1F2FDB2DEB}.Release(DLL)|x86.ActiveCfg = Release(DLL)|Win32
		{A2C53563-46F5-4D87-903F-3F1F2FDB2DEB}.Release(DLL)|x86.Build.0 = Release(DLL)|Win32
		{A2C53563-46F5-4D87-903F-3F1F2FDB2DEB}.Release(XP)|Any CPU.ActiveCfg = Release(XP)|Win32
		{A2C53563-46F5-4D87-903F-3F1F2FDB2DEB}.Release(XP)|Mixed Platforms.ActiveCfg = Release(XP)|Win32
		{A2C53563-46F5-4D87-903F-3F1F2FDB2DEB}.Release(XP)|Mixed Platforms.Build.0 = Release(XP)|Win32
		{A2C53563-46F5-4D87-903F-3F1F2FDB2DEB}.Release(XP)|Win32.ActiveCfg = Release(XP)|Win32
		{A2C53563-46F5-4D87-903F-3F1F2FDB2DEB}.Release(XP)|Win32.Build.0 = Release(XP)|Win32
		{A2C53563-46F5-4D87-903F-3F1F2FDB2DEB}.Release(XP)|x64.ActiveCfg = Release(XP)|x64
		{A2C53563-46F5-4D87-903F-3F1F2FDB2DEB}.Release(XP)|x64.Build.0 = Release(XP)|x64
		{A2C53563-46F5-4D87-903F-3F1F2FDB2DEB}.Release(XP)|x86.ActiveCfg = Release(XP)|Win32
		{A2C53563-46F5-4D87-903F-3F1F2FDB2DEB}.Release(XP)|x86.Build.0 = Release(XP)|Win32
		{A2C53563-46F5-4D87-903F-3F1F2FDB2DEB}.Release|Any CPU.ActiveCfg = Release|Win32
		{A2C53563-46F5-4D87-903F-3F1F2FDB2DEB}.Release|Mixed Platforms.ActiveCfg = Release|Win32
		{A2C53563-46F5-4D87-903F-3F1F2FDB2DEB}.Release|Mixed Platforms.Build.0 = Release|Win32
		{A2C53563-46F5-4D87-903F-3F1F2FDB2DEB}.Release|Win32.ActiveCfg = Release|Win32
		{A2C53563-46F5-4D87-903F-3F1F2FDB2DEB}.Release|Win32.Build.0 = Release|Win32
		{A2C53563-46F5-4D87-903F-3F1F2FDB2DEB}.Release|x64.ActiveCfg = Release|x64
		{A2C53563-46F5-4D87-903F-3F1F2FDB2DEB}.Release|x64.Build.0 = Release|x64
		{A2C53563-46F5-4D87-903F-3F1F2FDB2DEB}.Release|x86.ActiveCfg = Release|Win32
		{A2C53563-46F5-4D87-903F-3F1F2FDB2DEB}.Release|x86.Build.0 = Release|Win32
	EndGlobalSection
	GlobalSection(SolutionProperties) = preSolution
		HideSolutionNode = FALSE
	EndGlobalSection
	GlobalSection(NestedProjects) = preSolution
		{177D825B-BC7F-439B-B1D4-BD21A3E8F2DB} = {9B67F33F-6EBF-4404-B4B6-CC3A4AE27E4F}
		{3FECACB6-BD35-4857-BF55-A56B5E6C6D77} = {B418FF45-80F6-458D-B980-996F6033AC19}
		{467226FB-7838-43FF-8ECA-199FAEA760D6} = {B418FF45-80F6-458D-B980-996F6033AC19}
		{8E623BB1-1B7B-4F8E-A051-72F53A9AB620} = {B418FF45-80F6-458D-B980-996F6033AC19}
		{7111CE8C-C7DF-423A-BA10-C25EEB302D55} = {6E2CAADE-1109-4671-A341-A51ACF639F22}
		{A2C53563-46F5-4D87-903F-3F1F2FDB2DEB} = {6E2CAADE-1109-4671-A341-A51ACF639F22}
	EndGlobalSection
EndGlobal
